// !$*UTF8*$!
{
	archiveVersion = 1;
	classes = {
	};
	objectVersion = 46;
	objects = {

/* Begin PBXBuildFile section */
		CDBEC15F1D94E0C10040C443 /* AppDelegate.swift in Sources */ = {isa = PBXBuildFile; fileRef = CDBEC15E1D94E0C10040C443 /* AppDelegate.swift */; };
		CDBEC1611D94E0C10040C443 /* ViewController.swift in Sources */ = {isa = PBXBuildFile; fileRef = CDBEC1601D94E0C10040C443 /* ViewController.swift */; };
		CDBEC1641D94E0C10040C443 /* Main.storyboard in Resources */ = {isa = PBXBuildFile; fileRef = CDBEC1621D94E0C10040C443 /* Main.storyboard */; };
		CDBEC1661D94E0C10040C443 /* Assets.xcassets in Resources */ = {isa = PBXBuildFile; fileRef = CDBEC1651D94E0C10040C443 /* Assets.xcassets */; };
		CDBEC1691D94E0C10040C443 /* LaunchScreen.storyboard in Resources */ = {isa = PBXBuildFile; fileRef = CDBEC1671D94E0C10040C443 /* LaunchScreen.storyboard */; };
		CDBEC1741D94E0C10040C443 /* LearnSourceCode_Swift3Tests.swift in Sources */ = {isa = PBXBuildFile; fileRef = CDBEC1731D94E0C10040C443 /* LearnSourceCode_Swift3Tests.swift */; };
		CDBEC17F1D94E0C10040C443 /* LearnSourceCode_Swift3UITests.swift in Sources */ = {isa = PBXBuildFile; fileRef = CDBEC17E1D94E0C10040C443 /* LearnSourceCode_Swift3UITests.swift */; };
/* End PBXBuildFile section */

/* Begin PBXContainerItemProxy section */
		CDBEC1701D94E0C10040C443 /* PBXContainerItemProxy */ = {
			isa = PBXContainerItemProxy;
			containerPortal = CDBEC1531D94E0C10040C443 /* Project object */;
			proxyType = 1;
			remoteGlobalIDString = CDBEC15A1D94E0C10040C443;
			remoteInfo = LearnSourceCode_Swift3;
		};
		CDBEC17B1D94E0C10040C443 /* PBXContainerItemProxy */ = {
			isa = PBXContainerItemProxy;
			containerPortal = CDBEC1531D94E0C10040C443 /* Project object */;
			proxyType = 1;
			remoteGlobalIDString = CDBEC15A1D94E0C10040C443;
			remoteInfo = LearnSourceCode_Swift3;
		};
/* End PBXContainerItemProxy section */

/* Begin PBXFileReference section */
		CDBEC15B1D94E0C10040C443 /* LearnSourceCode_Swift3.app */ = {isa = PBXFileReference; explicitFileType = wrapper.application; includeInIndex = 0; path = LearnSourceCode_Swift3.app; sourceTree = BUILT_PRODUCTS_DIR; };
		CDBEC15E1D94E0C10040C443 /* AppDelegate.swift */ = {isa = PBXFileReference; lastKnownFileType = sourcecode.swift; path = AppDelegate.swift; sourceTree = "<group>"; };
		CDBEC1601D94E0C10040C443 /* ViewController.swift */ = {isa = PBXFileReference; lastKnownFileType = sourcecode.swift; path = ViewController.swift; sourceTree = "<group>"; };
		CDBEC1631D94E0C10040C443 /* Base */ = {isa = PBXFileReference; lastKnownFileType = file.storyboard; name = Base; path = Base.lproj/Main.storyboard; sourceTree = "<group>"; };
		CDBEC1651D94E0C10040C443 /* Assets.xcassets */ = {isa = PBXFileReference; lastKnownFileType = folder.assetcatalog; path = Assets.xcassets; sourceTree = "<group>"; };
		CDBEC1681D94E0C10040C443 /* Base */ = {isa = PBXFileReference; lastKnownFileType = file.storyboard; name = Base; path = Base.lproj/LaunchScreen.storyboard; sourceTree = "<group>"; };
		CDBEC16A1D94E0C10040C443 /* Info.plist */ = {isa = PBXFileReference; lastKnownFileType = text.plist.xml; path = Info.plist; sourceTree = "<group>"; };
		CDBEC16F1D94E0C10040C443 /* LearnSourceCode_Swift3Tests.xctest */ = {isa = PBXFileReference; explicitFileType = wrapper.cfbundle; includeInIndex = 0; path = LearnSourceCode_Swift3Tests.xctest; sourceTree = BUILT_PRODUCTS_DIR; };
		CDBEC1731D94E0C10040C443 /* LearnSourceCode_Swift3Tests.swift */ = {isa = PBXFileReference; lastKnownFileType = sourcecode.swift; path = LearnSourceCode_Swift3Tests.swift; sourceTree = "<group>"; };
		CDBEC1751D94E0C10040C443 /* Info.plist */ = {isa = PBXFileReference; lastKnownFileType = text.plist.xml; path = Info.plist; sourceTree = "<group>"; };
		CDBEC17A1D94E0C10040C443 /* LearnSourceCode_Swift3UITests.xctest */ = {isa = PBXFileReference; explicitFileType = wrapper.cfbundle; includeInIndex = 0; path = LearnSourceCode_Swift3UITests.xctest; sourceTree = BUILT_PRODUCTS_DIR; };
		CDBEC17E1D94E0C10040C443 /* LearnSourceCode_Swift3UITests.swift */ = {isa = PBXFileReference; lastKnownFileType = sourcecode.swift; path = LearnSourceCode_Swift3UITests.swift; sourceTree = "<group>"; };
		CDBEC1801D94E0C10040C443 /* Info.plist */ = {isa = PBXFileReference; lastKnownFileType = text.plist.xml; path = Info.plist; sourceTree = "<group>"; };
/* End PBXFileReference section */

/* Begin PBXFrameworksBuildPhase section */
		CDBEC1581D94E0C10040C443 /* Frameworks */ = {
			isa = PBXFrameworksBuildPhase;
			buildActionMask = 2147483647;
			files = (
			);
			runOnlyForDeploymentPostprocessing = 0;
		};
		CDBEC16C1D94E0C10040C443 /* Frameworks */ = {
			isa = PBXFrameworksBuildPhase;
			buildActionMask = 2147483647;
			files = (
			);
			runOnlyForDeploymentPostprocessing = 0;
		};
		CDBEC1771D94E0C10040C443 /* Frameworks */ = {
			isa = PBXFrameworksBuildPhase;
			buildActionMask = 2147483647;
			files = (
			);
			runOnlyForDeploymentPostprocessing = 0;
		};
/* End PBXFrameworksBuildPhase section */

/* Begin PBXGroup section */
		CDBEC1521D94E0C10040C443 = {
			isa = PBXGroup;
			children = (
				CDBEC15D1D94E0C10040C443 /* LearnSourceCode_Swift3 */,
				CDBEC1721D94E0C10040C443 /* LearnSourceCode_Swift3Tests */,
				CDBEC17D1D94E0C10040C443 /* LearnSourceCode_Swift3UITests */,
				CDBEC15C1D94E0C10040C443 /* Products */,
			);
			sourceTree = "<group>";
		};
		CDBEC15C1D94E0C10040C443 /* Products */ = {
			isa = PBXGroup;
			children = (
				CDBEC15B1D94E0C10040C443 /* LearnSourceCode_Swift3.app */,
				CDBEC16F1D94E0C10040C443 /* LearnSourceCode_Swift3Tests.xctest */,
				CDBEC17A1D94E0C10040C443 /* LearnSourceCode_Swift3UITests.xctest */,
			);
			name = Products;
			sourceTree = "<group>";
		};
		CDBEC15D1D94E0C10040C443 /* LearnSourceCode_Swift3 */ = {
			isa = PBXGroup;
			children = (
				CDBEC15E1D94E0C10040C443 /* AppDelegate.swift */,
				CDBEC1601D94E0C10040C443 /* ViewController.swift */,
				CDBEC1621D94E0C10040C443 /* Main.storyboard */,
				CDBEC1651D94E0C10040C443 /* Assets.xcassets */,
				CDBEC1671D94E0C10040C443 /* LaunchScreen.storyboard */,
				CDBEC16A1D94E0C10040C443 /* Info.plist */,
			);
			path = LearnSourceCode_Swift3;
			sourceTree = "<group>";
		};
		CDBEC1721D94E0C10040C443 /* LearnSourceCode_Swift3Tests */ = {
			isa = PBXGroup;
			children = (
				CDBEC1731D94E0C10040C443 /* LearnSourceCode_Swift3Tests.swift */,
				CDBEC1751D94E0C10040C443 /* Info.plist */,
			);
			path = LearnSourceCode_Swift3Tests;
			sourceTree = "<group>";
		};
		CDBEC17D1D94E0C10040C443 /* LearnSourceCode_Swift3UITests */ = {
			isa = PBXGroup;
			children = (
				CDBEC17E1D94E0C10040C443 /* LearnSourceCode_Swift3UITests.swift */,
				CDBEC1801D94E0C10040C443 /* Info.plist */,
			);
			path = LearnSourceCode_Swift3UITests;
			sourceTree = "<group>";
		};
/* End PBXGroup section */

/* Begin PBXNativeTarget section */
		CDBEC15A1D94E0C10040C443 /* LearnSourceCode_Swift3 */ = {
			isa = PBXNativeTarget;
			buildConfigurationList = CDBEC1831D94E0C10040C443 /* Build configuration list for PBXNativeTarget "LearnSourceCode_Swift3" */;
			buildPhases = (
				CDBEC1571D94E0C10040C443 /* Sources */,
				CDBEC1581D94E0C10040C443 /* Frameworks */,
				CDBEC1591D94E0C10040C443 /* Resources */,
			);
			buildRules = (
			);
			dependencies = (
			);
			name = LearnSourceCode_Swift3;
			productName = LearnSourceCode_Swift3;
			productReference = CDBEC15B1D94E0C10040C443 /* LearnSourceCode_Swift3.app */;
			productType = "com.apple.product-type.application";
		};
		CDBEC16E1D94E0C10040C443 /* LearnSourceCode_Swift3Tests */ = {
			isa = PBXNativeTarget;
			buildConfigurationList = CDBEC1861D94E0C10040C443 /* Build configuration list for PBXNativeTarget "LearnSourceCode_Swift3Tests" */;
			buildPhases = (
				CDBEC16B1D94E0C10040C443 /* Sources */,
				CDBEC16C1D94E0C10040C443 /* Frameworks */,
				CDBEC16D1D94E0C10040C443 /* Resources */,
			);
			buildRules = (
			);
			dependencies = (
				CDBEC1711D94E0C10040C443 /* PBXTargetDependency */,
			);
			name = LearnSourceCode_Swift3Tests;
			productName = LearnSourceCode_Swift3Tests;
			productReference = CDBEC16F1D94E0C10040C443 /* LearnSourceCode_Swift3Tests.xctest */;
			productType = "com.apple.product-type.bundle.unit-test";
		};
		CDBEC1791D94E0C10040C443 /* LearnSourceCode_Swift3UITests */ = {
			isa = PBXNativeTarget;
			buildConfigurationList = CDBEC1891D94E0C10040C443 /* Build configuration list for PBXNativeTarget "LearnSourceCode_Swift3UITests" */;
			buildPhases = (
				CDBEC1761D94E0C10040C443 /* Sources */,
				CDBEC1771D94E0C10040C443 /* Frameworks */,
				CDBEC1781D94E0C10040C443 /* Resources */,
			);
			buildRules = (
			);
			dependencies = (
				CDBEC17C1D94E0C10040C443 /* PBXTargetDependency */,
			);
			name = LearnSourceCode_Swift3UITests;
			productName = LearnSourceCode_Swift3UITests;
			productReference = CDBEC17A1D94E0C10040C443 /* LearnSourceCode_Swift3UITests.xctest */;
			productType = "com.apple.product-type.bundle.ui-testing";
		};
/* End PBXNativeTarget section */

/* Begin PBXProject section */
		CDBEC1531D94E0C10040C443 /* Project object */ = {
			isa = PBXProject;
			attributes = {
				LastSwiftUpdateCheck = 0800;
				LastUpgradeCheck = 0800;
				ORGANIZATIONNAME = songlei;
				TargetAttributes = {
					CDBEC15A1D94E0C10040C443 = {
						CreatedOnToolsVersion = 8.0;
						DevelopmentTeam = UDU2Q37R58;
						ProvisioningStyle = Automatic;
					};
					CDBEC16E1D94E0C10040C443 = {
						CreatedOnToolsVersion = 8.0;
						DevelopmentTeam = UDU2Q37R58;
						ProvisioningStyle = Automatic;
						TestTargetID = CDBEC15A1D94E0C10040C443;
					};
					CDBEC1791D94E0C10040C443 = {
						CreatedOnToolsVersion = 8.0;
						DevelopmentTeam = UDU2Q37R58;
						ProvisioningStyle = Automatic;
						TestTargetID = CDBEC15A1D94E0C10040C443;
					};
				};
			};
			buildConfigurationList = CDBEC1561D94E0C10040C443 /* Build configuration list for PBXProject "LearnSourceCode_Swift3" */;
			compatibilityVersion = "Xcode 3.2";
			developmentRegion = English;
			hasScannedForEncodings = 0;
			knownRegions = (
				en,
				Base,
			);
			mainGroup = CDBEC1521D94E0C10040C443;
			productRefGroup = CDBEC15C1D94E0C10040C443 /* Products */;
			projectDirPath = "";
			projectRoot = "";
			targets = (
				CDBEC15A1D94E0C10040C443 /* LearnSourceCode_Swift3 */,
				CDBEC16E1D94E0C10040C443 /* LearnSourceCode_Swift3Tests */,
				CDBEC1791D94E0C10040C443 /* LearnSourceCode_Swift3UITests */,
			);
		};
/* End PBXProject section */

/* Begin PBXResourcesBuildPhase section */
		CDBEC1591D94E0C10040C443 /* Resources */ = {
			isa = PBXResourcesBuildPhase;
			buildActionMask = 2147483647;
			files = (
				CDBEC1691D94E0C10040C443 /* LaunchScreen.storyboard in Resources */,
				CDBEC1661D94E0C10040C443 /* Assets.xcassets in Resources */,
				CDBEC1641D94E0C10040C443 /* Main.storyboard in Resources */,
			);
			runOnlyForDeploymentPostprocessing = 0;
		};
		CDBEC16D1D94E0C10040C443 /* Resources */ = {
			isa = PBXResourcesBuildPhase;
			buildActionMask = 2147483647;
			files = (
			);
			runOnlyForDeploymentPostprocessing = 0;
		};
		CDBEC1781D94E0C10040C443 /* Resources */ = {
			isa = PBXResourcesBuildPhase;
			buildActionMask = 2147483647;
			files = (
			);
			runOnlyForDeploymentPostprocessing = 0;
		};
/* End PBXResourcesBuildPhase section */

/* Begin PBXSourcesBuildPhase section */
		CDBEC1571D94E0C10040C443 /* Sources */ = {
			isa = PBXSourcesBuildPhase;
			buildActionMask = 2147483647;
			files = (
				CDBEC1611D94E0C10040C443 /* ViewController.swift in Sources */,
				CDBEC15F1D94E0C10040C443 /* AppDelegate.swift in Sources */,
			);
			runOnlyForDeploymentPostprocessing = 0;
		};
		CDBEC16B1D94E0C10040C443 /* Sources */ = {
			isa = PBXSourcesBuildPhase;
			buildActionMask = 2147483647;
			files = (
				CDBEC1741D94E0C10040C443 /* LearnSourceCode_Swift3Tests.swift in Sources */,
			);
			runOnlyForDeploymentPostprocessing = 0;
		};
		CDBEC1761D94E0C10040C443 /* Sources */ = {
			isa = PBXSourcesBuildPhase;
			buildActionMask = 2147483647;
			files = (
				CDBEC17F1D94E0C10040C443 /* LearnSourceCode_Swift3UITests.swift in Sources */,
			);
			runOnlyForDeploymentPostprocessing = 0;
		};
/* End PBXSourcesBuildPhase section */

/* Begin PBXTargetDependency section */
		CDBEC1711D94E0C10040C443 /* PBXTargetDependency */ = {
			isa = PBXTargetDependency;
			target = CDBEC15A1D94E0C10040C443 /* LearnSourceCode_Swift3 */;
			targetProxy = CDBEC1701D94E0C10040C443 /* PBXContainerItemProxy */;
		};
		CDBEC17C1D94E0C10040C443 /* PBXTargetDependency */ = {
			isa = PBXTargetDependency;
			target = CDBEC15A1D94E0C10040C443 /* LearnSourceCode_Swift3 */;
			targetProxy = CDBEC17B1D94E0C10040C443 /* PBXContainerItemProxy */;
		};
/* End PBXTargetDependency section */

/* Begin PBXVariantGroup section */
		CDBEC1621D94E0C10040C443 /* Main.storyboard */ = {
			isa = PBXVariantGroup;
			children = (
				CDBEC1631D94E0C10040C443 /* Base */,
			);
			name = Main.storyboard;
			sourceTree = "<group>";
		};
		CDBEC1671D94E0C10040C443 /* LaunchScreen.storyboard */ = {
			isa = PBXVariantGroup;
			children = (
				CDBEC1681D94E0C10040C443 /* Base */,
			);
			name = LaunchScreen.storyboard;
			sourceTree = "<group>";
		};
/* End PBXVariantGroup section */

/* Begin XCBuildConfiguration section */
		CDBEC1811D94E0C10040C443 /* Debug */ = {
			isa = XCBuildConfiguration;
			buildSettings = {
				ALWAYS_SEARCH_USER_PATHS = NO;
				CLANG_ANALYZER_NONNULL = YES;
				CLANG_CXX_LANGUAGE_STANDARD = "gnu++0x";
				CLANG_CXX_LIBRARY = "libc++";
				CLANG_ENABLE_MODULES = YES;
				CLANG_ENABLE_OBJC_ARC = YES;
				CLANG_WARN_BOOL_CONVERSION = YES;
				CLANG_WARN_CONSTANT_CONVERSION = YES;
				CLANG_WARN_DIRECT_OBJC_ISA_USAGE = YES_ERROR;
				CLANG_WARN_DOCUMENTATION_COMMENTS = YES;
				CLANG_WARN_EMPTY_BODY = YES;
				CLANG_WARN_ENUM_CONVERSION = YES;
				CLANG_WARN_INFINITE_RECURSION = YES;
				CLANG_WARN_INT_CONVERSION = YES;
				CLANG_WARN_OBJC_ROOT_CLASS = YES_ERROR;
				CLANG_WARN_SUSPICIOUS_MOVES = YES;
				CLANG_WARN_UNREACHABLE_CODE = YES;
				CLANG_WARN__DUPLICATE_METHOD_MATCH = YES;
				"CODE_SIGN_IDENTITY[sdk=iphoneos*]" = "iPhone Developer";
				COPY_PHASE_STRIP = NO;
				DEBUG_INFORMATION_FORMAT = dwarf;
				ENABLE_STRICT_OBJC_MSGSEND = YES;
				ENABLE_TESTABILITY = YES;
				GCC_C_LANGUAGE_STANDARD = gnu99;
				GCC_DYNAMIC_NO_PIC = NO;
				GCC_NO_COMMON_BLOCKS = YES;
				GCC_OPTIMIZATION_LEVEL = 0;
				GCC_PREPROCESSOR_DEFINITIONS = (
					"DEBUG=1",
					"$(inherited)",
				);
				GCC_WARN_64_TO_32_BIT_CONVERSION = YES;
				GCC_WARN_ABOUT_RETURN_TYPE = YES_ERROR;
				GCC_WARN_UNDECLARED_SELECTOR = YES;
				GCC_WARN_UNINITIALIZED_AUTOS = YES_AGGRESSIVE;
				GCC_WARN_UNUSED_FUNCTION = YES;
				GCC_WARN_UNUSED_VARIABLE = YES;
				IPHONEOS_DEPLOYMENT_TARGET = 10.0;
				MTL_ENABLE_DEBUG_INFO = YES;
				ONLY_ACTIVE_ARCH = YES;
				SDKROOT = iphoneos;
				SWIFT_ACTIVE_COMPILATION_CONDITIONS = DEBUG;
				SWIFT_OPTIMIZATION_LEVEL = "-Onone";
				TARGETED_DEVICE_FAMILY = "1,2";
			};
			name = Debug;
		};
		CDBEC1821D94E0C10040C443 /* Release */ = {
			isa = XCBuildConfiguration;
			buildSettings = {
				ALWAYS_SEARCH_USER_PATHS = NO;
				CLANG_ANALYZER_NONNULL = YES;
				CLANG_CXX_LANGUAGE_STANDARD = "gnu++0x";
				CLANG_CXX_LIBRARY = "libc++";
				CLANG_ENABLE_MODULES = YES;
				CLANG_ENABLE_OBJC_ARC = YES;
				CLANG_WARN_BOOL_CONVERSION = YES;
				CLANG_WARN_CONSTANT_CONVERSION = YES;
				CLANG_WARN_DIRECT_OBJC_ISA_USAGE = YES_ERROR;
				CLANG_WARN_DOCUMENTATION_COMMENTS = YES;
				CLANG_WARN_EMPTY_BODY = YES;
				CLANG_WARN_ENUM_CONVERSION = YES;
				CLANG_WARN_INFINITE_RECURSION = YES;
				CLANG_WARN_INT_CONVERSION = YES;
				CLANG_WARN_OBJC_ROOT_CLASS = YES_ERROR;
				CLANG_WARN_SUSPICIOUS_MOVES = YES;
				CLANG_WARN_UNREACHABLE_CODE = YES;
				CLANG_WARN__DUPLICATE_METHOD_MATCH = YES;
				"CODE_SIGN_IDENTITY[sdk=iphoneos*]" = "iPhone Developer";
				COPY_PHASE_STRIP = NO;
				DEBUG_INFORMATION_FORMAT = "dwarf-with-dsym";
				ENABLE_NS_ASSERTIONS = NO;
				ENABLE_STRICT_OBJC_MSGSEND = YES;
				GCC_C_LANGUAGE_STANDARD = gnu99;
				GCC_NO_COMMON_BLOCKS = YES;
				GCC_WARN_64_TO_32_BIT_CONVERSION = YES;
				GCC_WARN_ABOUT_RETURN_TYPE = YES_ERROR;
				GCC_WARN_UNDECLARED_SELECTOR = YES;
				GCC_WARN_UNINITIALIZED_AUTOS = YES_AGGRESSIVE;
				GCC_WARN_UNUSED_FUNCTION = YES;
				GCC_WARN_UNUSED_VARIABLE = YES;
				IPHONEOS_DEPLOYMENT_TARGET = 10.0;
				MTL_ENABLE_DEBUG_INFO = NO;
				SDKROOT = iphoneos;
				SWIFT_OPTIMIZATION_LEVEL = "-Owholemodule";
				TARGETED_DEVICE_FAMILY = "1,2";
				VALIDATE_PRODUCT = YES;
			};
			name = Release;
		};
		CDBEC1841D94E0C10040C443 /* Debug */ = {
			isa = XCBuildConfiguration;
			buildSettings = {
				ASSETCATALOG_COMPILER_APPICON_NAME = AppIcon;
				DEVELOPMENT_TEAM = UDU2Q37R58;
				INFOPLIST_FILE = LearnSourceCode_Swift3/Info.plist;
				LD_RUNPATH_SEARCH_PATHS = "$(inherited) @executable_path/Frameworks";
				PRODUCT_BUNDLE_IDENTIFIER = "com.songlei.LearnSourceCode-Swift3";
				PRODUCT_NAME = "$(TARGET_NAME)";
				SWIFT_VERSION = 3.0;
			};
			name = Debug;
		};
		CDBEC1851D94E0C10040C443 /* Release */ = {
			isa = XCBuildConfiguration;
			buildSettings = {
				ASSETCATALOG_COMPILER_APPICON_NAME = AppIcon;
				DEVELOPMENT_TEAM = UDU2Q37R58;
				INFOPLIST_FILE = LearnSourceCode_Swift3/Info.plist;
				LD_RUNPATH_SEARCH_PATHS = "$(inherited) @executable_path/Frameworks";
				PRODUCT_BUNDLE_IDENTIFIER = "com.songlei.LearnSourceCode-Swift3";
				PRODUCT_NAME = "$(TARGET_NAME)";
				SWIFT_VERSION = 3.0;
			};
			name = Release;
		};
		CDBEC1871D94E0C10040C443 /* Debug */ = {
			isa = XCBuildConfiguration;
			buildSettings = {
				ALWAYS_EMBED_SWIFT_STANDARD_LIBRARIES = YES;
				BUNDLE_LOADER = "$(TEST_HOST)";
				DEVELOPMENT_TEAM = UDU2Q37R58;
				INFOPLIST_FILE = LearnSourceCode_Swift3Tests/Info.plist;
				LD_RUNPATH_SEARCH_PATHS = "$(inherited) @executable_path/Frameworks @loader_path/Frameworks";
				PRODUCT_BUNDLE_IDENTIFIER = "com.songlei.LearnSourceCode-Swift3Tests";
				PRODUCT_NAME = "$(TARGET_NAME)";
				SWIFT_VERSION = 3.0;
				TEST_HOST = "$(BUILT_PRODUCTS_DIR)/LearnSourceCode_Swift3.app/LearnSourceCode_Swift3";
			};
			name = Debug;
		};
		CDBEC1881D94E0C10040C443 /* Release */ = {
			isa = XCBuildConfiguration;
			buildSettings = {
				ALWAYS_EMBED_SWIFT_STANDARD_LIBRARIES = YES;
				BUNDLE_LOADER = "$(TEST_HOST)";
				DEVELOPMENT_TEAM = UDU2Q37R58;
				INFOPLIST_FILE = LearnSourceCode_Swift3Tests/Info.plist;
				LD_RUNPATH_SEARCH_PATHS = "$(inherited) @executable_path/Frameworks @loader_path/Frameworks";
				PRODUCT_BUNDLE_IDENTIFIER = "com.songlei.LearnSourceCode-Swift3Tests";
				PRODUCT_NAME = "$(TARGET_NAME)";
				SWIFT_VERSION = 3.0;
				TEST_HOST = "$(BUILT_PRODUCTS_DIR)/LearnSourceCode_Swift3.app/LearnSourceCode_Swift3";
			};
			name = Release;
		};
		CDBEC18A1D94E0C10040C443 /* Debug */ = {
			isa = XCBuildConfiguration;
			buildSettings = {
				ALWAYS_EMBED_SWIFT_STANDARD_LIBRARIES = YES;
				DEVELOPMENT_TEAM = UDU2Q37R58;
				INFOPLIST_FILE = LearnSourceCode_Swift3UITests/Info.plist;
				LD_RUNPATH_SEARCH_PATHS = "$(inherited) @executable_path/Frameworks @loader_path/Frameworks";
				PRODUCT_BUNDLE_IDENTIFIER = "com.songlei.LearnSourceCode-Swift3UITests";
				PRODUCT_NAME = "$(TARGET_NAME)";
				SWIFT_VERSION = 3.0;
				TEST_TARGET_NAME = LearnSourceCode_Swift3;
			};
			name = Debug;
		};
		CDBEC18B1D94E0C10040C443 /* Release */ = {
			isa = XCBuildConfiguration;
			buildSettings = {
				ALWAYS_EMBED_SWIFT_STANDARD_LIBRARIES = YES;
				DEVELOPMENT_TEAM = UDU2Q37R58;
				INFOPLIST_FILE = LearnSourceCode_Swift3UITests/Info.plist;
				LD_RUNPATH_SEARCH_PATHS = "$(inherited) @executable_path/Frameworks @loader_path/Frameworks";
				PRODUCT_BUNDLE_IDENTIFIER = "com.songlei.LearnSourceCode-Swift3UITests";
				PRODUCT_NAME = "$(TARGET_NAME)";
				SWIFT_VERSION = 3.0;
				TEST_TARGET_NAME = LearnSourceCode_Swift3;
			};
			name = Release;
		};
/* End XCBuildConfiguration section */

/* Begin XCConfigurationList section */
		CDBEC1561D94E0C10040C443 /* Build configuration list for PBXProject "LearnSourceCode_Swift3" */ = {
			isa = XCConfigurationList;
			buildConfigurations = (
				CDBEC1811D94E0C10040C443 /* Debug */,
				CDBEC1821D94E0C10040C443 /* Release */,
			);
			defaultConfigurationIsVisible = 0;
			defaultConfigurationName = Release;
		};
		CDBEC1831D94E0C10040C443 /* Build configuration list for PBXNativeTarget "LearnSourceCode_Swift3" */ = {
			isa = XCConfigurationList;
			buildConfigurations = (
				CDBEC1841D94E0C10040C443 /* Debug */,
				CDBEC1851D94E0C10040C443 /* Release */,
			);
			defaultConfigurationIsVisible = 0;
		};
		CDBEC1861D94E0C10040C443 /* Build configuration list for PBXNativeTarget "LearnSourceCode_Swift3Tests" */ = {
			isa = XCConfigurationList;
			buildConfigurations = (
				CDBEC1871D94E0C10040C443 /* Debug */,
				CDBEC1881D94E0C10040C443 /* Release */,
			);
			defaultConfigurationIsVisible = 0;
		};
		CDBEC1891D94E0C10040C443 /* Build configuration list for PBXNativeTarget "LearnSourceCode_Swift3UITests" */ = {
			isa = XCConfigurationList;
			buildConfigurations = (
				CDBEC18A1D94E0C10040C443 /* Debug */,
				CDBEC18B1D94E0C10040C443 /* Release */,
			);
			defaultConfigurationIsVisible = 0;
		};
/* End XCConfigurationList section */
	};
	rootObject = CDBEC1531D94E0C10040C443 /* Project object */;
}
